// !$*UTF8*$!
{
	archiveVersion = 1;
	classes = {
	};
	objectVersion = 55;
	objects = {

/* Begin PBXBuildFile section */
		04FA0676283C714900EFA51E /* MojiMokuApp.swift in Sources */ = {isa = PBXBuildFile; fileRef = 04FA0675283C714900EFA51E /* MojiMokuApp.swift */; };
		04FA0678283C714900EFA51E /* ContentView.swift in Sources */ = {isa = PBXBuildFile; fileRef = 04FA0677283C714900EFA51E /* ContentView.swift */; };
		04FA067A283C714B00EFA51E /* Assets.xcassets in Resources */ = {isa = PBXBuildFile; fileRef = 04FA0679283C714B00EFA51E /* Assets.xcassets */; };
		04FA067D283C714B00EFA51E /* Preview Assets.xcassets in Resources */ = {isa = PBXBuildFile; fileRef = 04FA067C283C714B00EFA51E /* Preview Assets.xcassets */; };
		04FA0687283C714C00EFA51E /* MojiMokuTests.swift in Sources */ = {isa = PBXBuildFile; fileRef = 04FA0686283C714C00EFA51E /* MojiMokuTests.swift */; };
		04FA0691283C714C00EFA51E /* MojiMokuUITests.swift in Sources */ = {isa = PBXBuildFile; fileRef = 04FA0690283C714C00EFA51E /* MojiMokuUITests.swift */; };
		04FA0693283C714C00EFA51E /* MojiMokuUITestsLaunchTests.swift in Sources */ = {isa = PBXBuildFile; fileRef = 04FA0692283C714C00EFA51E /* MojiMokuUITestsLaunchTests.swift */; };
/* End PBXBuildFile section */

/* Begin PBXContainerItemProxy section */
		04FA0683283C714C00EFA51E /* PBXContainerItemProxy */ = {
			isa = PBXContainerItemProxy;
			containerPortal = 04FA066A283C714900EFA51E /* Project object */;
			proxyType = 1;
			remoteGlobalIDString = 04FA0671283C714900EFA51E;
			remoteInfo = MojiMoku;
		};
		04FA068D283C714C00EFA51E /* PBXContainerItemProxy */ = {
			isa = PBXContainerItemProxy;
			containerPortal = 04FA066A283C714900EFA51E /* Project object */;
			proxyType = 1;
			remoteGlobalIDString = 04FA0671283C714900EFA51E;
			remoteInfo = MojiMoku;
		};
/* End PBXContainerItemProxy section */

/* Begin PBXFileReference section */
		04FA0672283C714900EFA51E /* MojiMoku.app */ = {isa = PBXFileReference; explicitFileType = wrapper.application; includeInIndex = 0; path = MojiMoku.app; sourceTree = BUILT_PRODUCTS_DIR; };
		04FA0675283C714900EFA51E /* MojiMokuApp.swift */ = {isa = PBXFileReference; lastKnownFileType = sourcecode.swift; path = MojiMokuApp.swift; sourceTree = "<group>"; };
		04FA0677283C714900EFA51E /* ContentView.swift */ = {isa = PBXFileReference; lastKnownFileType = sourcecode.swift; path = ContentView.swift; sourceTree = "<group>"; };
		04FA0679283C714B00EFA51E /* Assets.xcassets */ = {isa = PBXFileReference; lastKnownFileType = folder.assetcatalog; path = Assets.xcassets; sourceTree = "<group>"; };
		04FA067C283C714B00EFA51E /* Preview Assets.xcassets */ = {isa = PBXFileReference; lastKnownFileType = folder.assetcatalog; path = "Preview Assets.xcassets"; sourceTree = "<group>"; };
		04FA0682283C714C00EFA51E /* MojiMokuTests.xctest */ = {isa = PBXFileReference; explicitFileType = wrapper.cfbundle; includeInIndex = 0; path = MojiMokuTests.xctest; sourceTree = BUILT_PRODUCTS_DIR; };
		04FA0686283C714C00EFA51E /* MojiMokuTests.swift */ = {isa = PBXFileReference; lastKnownFileType = sourcecode.swift; path = MojiMokuTests.swift; sourceTree = "<group>"; };
		04FA068C283C714C00EFA51E /* MojiMokuUITests.xctest */ = {isa = PBXFileReference; explicitFileType = wrapper.cfbundle; includeInIndex = 0; path = MojiMokuUITests.xctest; sourceTree = BUILT_PRODUCTS_DIR; };
		04FA0690283C714C00EFA51E /* MojiMokuUITests.swift */ = {isa = PBXFileReference; lastKnownFileType = sourcecode.swift; path = MojiMokuUITests.swift; sourceTree = "<group>"; };
		04FA0692283C714C00EFA51E /* MojiMokuUITestsLaunchTests.swift */ = {isa = PBXFileReference; lastKnownFileType = sourcecode.swift; path = MojiMokuUITestsLaunchTests.swift; sourceTree = "<group>"; };
/* End PBXFileReference section */

/* Begin PBXFrameworksBuildPhase section */
		04FA066F283C714900EFA51E /* Frameworks */ = {
			isa = PBXFrameworksBuildPhase;
			buildActionMask = 2147483647;
			files = (
			);
			runOnlyForDeploymentPostprocessing = 0;
		};
		04FA067F283C714C00EFA51E /* Frameworks */ = {
			isa = PBXFrameworksBuildPhase;
			buildActionMask = 2147483647;
			files = (
			);
			runOnlyForDeploymentPostprocessing = 0;
		};
		04FA0689283C714C00EFA51E /* Frameworks */ = {
			isa = PBXFrameworksBuildPhase;
			buildActionMask = 2147483647;
			files = (
			);
			runOnlyForDeploymentPostprocessing = 0;
		};
/* End PBXFrameworksBuildPhase section */

/* Begin PBXGroup section */
		04FA0669283C714900EFA51E = {
			isa = PBXGroup;
			children = (
				04FA0674283C714900EFA51E /* MojiMoku */,
				04FA0685283C714C00EFA51E /* MojiMokuTests */,
				04FA068F283C714C00EFA51E /* MojiMokuUITests */,
				04FA0673283C714900EFA51E /* Products */,
			);
			sourceTree = "<group>";
		};
		04FA0673283C714900EFA51E /* Products */ = {
			isa = PBXGroup;
			children = (
				04FA0672283C714900EFA51E /* MojiMoku.app */,
				04FA0682283C714C00EFA51E /* MojiMokuTests.xctest */,
				04FA068C283C714C00EFA51E /* MojiMokuUITests.xctest */,
			);
			name = Products;
			sourceTree = "<group>";
		};
		04FA0674283C714900EFA51E /* MojiMoku */ = {
			isa = PBXGroup;
			children = (
				04FA0675283C714900EFA51E /* MojiMokuApp.swift */,
				04FA0677283C714900EFA51E /* ContentView.swift */,
				04FA0679283C714B00EFA51E /* Assets.xcassets */,
				04FA067B283C714B00EFA51E /* Preview Content */,
			);
			path = MojiMoku;
			sourceTree = "<group>";
		};
		04FA067B283C714B00EFA51E /* Preview Content */ = {
			isa = PBXGroup;
			children = (
				04FA067C283C714B00EFA51E /* Preview Assets.xcassets */,
			);
			path = "Preview Content";
			sourceTree = "<group>";
		};
		04FA0685283C714C00EFA51E /* MojiMokuTests */ = {
			isa = PBXGroup;
			children = (
				04FA0686283C714C00EFA51E /* MojiMokuTests.swift */,
			);
			path = MojiMokuTests;
			sourceTree = "<group>";
		};
		04FA068F283C714C00EFA51E /* MojiMokuUITests */ = {
			isa = PBXGroup;
			children = (
				04FA0690283C714C00EFA51E /* MojiMokuUITests.swift */,
				04FA0692283C714C00EFA51E /* MojiMokuUITestsLaunchTests.swift */,
			);
			path = MojiMokuUITests;
			sourceTree = "<group>";
		};
/* End PBXGroup section */

/* Begin PBXNativeTarget section */
		04FA0671283C714900EFA51E /* MojiMoku */ = {
			isa = PBXNativeTarget;
			buildConfigurationList = 04FA0696283C714C00EFA51E /* Build configuration list for PBXNativeTarget "MojiMoku" */;
			buildPhases = (
				04FA066E283C714900EFA51E /* Sources */,
				04FA066F283C714900EFA51E /* Frameworks */,
				04FA0670283C714900EFA51E /* Resources */,
			);
			buildRules = (
			);
			dependencies = (
			);
			name = MojiMoku;
			productName = MojiMoku;
			productReference = 04FA0672283C714900EFA51E /* MojiMoku.app */;
			productType = "com.apple.product-type.application";
		};
		04FA0681283C714C00EFA51E /* MojiMokuTests */ = {
			isa = PBXNativeTarget;
			buildConfigurationList = 04FA0699283C714C00EFA51E /* Build configuration list for PBXNativeTarget "MojiMokuTests" */;
			buildPhases = (
				04FA067E283C714C00EFA51E /* Sources */,
				04FA067F283C714C00EFA51E /* Frameworks */,
				04FA0680283C714C00EFA51E /* Resources */,
			);
			buildRules = (
			);
			dependencies = (
				04FA0684283C714C00EFA51E /* PBXTargetDependency */,
			);
			name = MojiMokuTests;
			productName = MojiMokuTests;
			productReference = 04FA0682283C714C00EFA51E /* MojiMokuTests.xctest */;
			productType = "com.apple.product-type.bundle.unit-test";
		};
		04FA068B283C714C00EFA51E /* MojiMokuUITests */ = {
			isa = PBXNativeTarget;
			buildConfigurationList = 04FA069C283C714C00EFA51E /* Build configuration list for PBXNativeTarget "MojiMokuUITests" */;
			buildPhases = (
				04FA0688283C714C00EFA51E /* Sources */,
				04FA0689283C714C00EFA51E /* Frameworks */,
				04FA068A283C714C00EFA51E /* Resources */,
			);
			buildRules = (
			);
			dependencies = (
				04FA068E283C714C00EFA51E /* PBXTargetDependency */,
			);
			name = MojiMokuUITests;
			productName = MojiMokuUITests;
			productReference = 04FA068C283C714C00EFA51E /* MojiMokuUITests.xctest */;
			productType = "com.apple.product-type.bundle.ui-testing";
		};
/* End PBXNativeTarget section */

/* Begin PBXProject section */
		04FA066A283C714900EFA51E /* Project object */ = {
			isa = PBXProject;
			attributes = {
				BuildIndependentTargetsInParallel = 1;
				LastSwiftUpdateCheck = 1330;
				LastUpgradeCheck = 1330;
				TargetAttributes = {
					04FA0671283C714900EFA51E = {
						CreatedOnToolsVersion = 13.3.1;
					};
					04FA0681283C714C00EFA51E = {
						CreatedOnToolsVersion = 13.3.1;
						TestTargetID = 04FA0671283C714900EFA51E;
					};
					04FA068B283C714C00EFA51E = {
						CreatedOnToolsVersion = 13.3.1;
						TestTargetID = 04FA0671283C714900EFA51E;
					};
				};
			};
			buildConfigurationList = 04FA066D283C714900EFA51E /* Build configuration list for PBXProject "MojiMoku" */;
			compatibilityVersion = "Xcode 13.0";
			developmentRegion = en;
			hasScannedForEncodings = 0;
			knownRegions = (
				en,
				Base,
			);
			mainGroup = 04FA0669283C714900EFA51E;
			productRefGroup = 04FA0673283C714900EFA51E /* Products */;
			projectDirPath = "";
			projectRoot = "";
			targets = (
				04FA0671283C714900EFA51E /* MojiMoku */,
				04FA0681283C714C00EFA51E /* MojiMokuTests */,
				04FA068B283C714C00EFA51E /* MojiMokuUITests */,
			);
		};
/* End PBXProject section */

/* Begin PBXResourcesBuildPhase section */
		04FA0670283C714900EFA51E /* Resources */ = {
			isa = PBXResourcesBuildPhase;
			buildActionMask = 2147483647;
			files = (
				04FA067D283C714B00EFA51E /* Preview Assets.xcassets in Resources */,
				04FA067A283C714B00EFA51E /* Assets.xcassets in Resources */,
			);
			runOnlyForDeploymentPostprocessing = 0;
		};
		04FA0680283C714C00EFA51E /* Resources */ = {
			isa = PBXResourcesBuildPhase;
			buildActionMask = 2147483647;
			files = (
			);
			runOnlyForDeploymentPostprocessing = 0;
		};
		04FA068A283C714C00EFA51E /* Resources */ = {
			isa = PBXResourcesBuildPhase;
			buildActionMask = 2147483647;
			files = (
			);
			runOnlyForDeploymentPostprocessing = 0;
		};
/* End PBXResourcesBuildPhase section */

/* Begin PBXSourcesBuildPhase section */
		04FA066E283C714900EFA51E /* Sources */ = {
			isa = PBXSourcesBuildPhase;
			buildActionMask = 2147483647;
			files = (
				04FA0678283C714900EFA51E /* ContentView.swift in Sources */,
				04FA0676283C714900EFA51E /* MojiMokuApp.swift in Sources */,
			);
			runOnlyForDeploymentPostprocessing = 0;
		};
		04FA067E283C714C00EFA51E /* Sources */ = {
			isa = PBXSourcesBuildPhase;
			buildActionMask = 2147483647;
			files = (
				04FA0687283C714C00EFA51E /* MojiMokuTests.swift in Sources */,
			);
			runOnlyForDeploymentPostprocessing = 0;
		};
		04FA0688283C714C00EFA51E /* Sources */ = {
			isa = PBXSourcesBuildPhase;
			buildActionMask = 2147483647;
			files = (
				04FA0693283C714C00EFA51E /* MojiMokuUITestsLaunchTests.swift in Sources */,
				04FA0691283C714C00EFA51E /* MojiMokuUITests.swift in Sources */,
			);
			runOnlyForDeploymentPostprocessing = 0;
		};
/* End PBXSourcesBuildPhase section */

/* Begin PBXTargetDependency section */
		04FA0684283C714C00EFA51E /* PBXTargetDependency */ = {
			isa = PBXTargetDependency;
			target = 04FA0671283C714900EFA51E /* MojiMoku */;
			targetProxy = 04FA0683283C714C00EFA51E /* PBXContainerItemProxy */;
		};
		04FA068E283C714C00EFA51E /* PBXTargetDependency */ = {
			isa = PBXTargetDependency;
			target = 04FA0671283C714900EFA51E /* MojiMoku */;
			targetProxy = 04FA068D283C714C00EFA51E /* PBXContainerItemProxy */;
		};
/* End PBXTargetDependency section */

/* Begin XCBuildConfiguration section */
		04FA0694283C714C00EFA51E /* Debug */ = {
			isa = XCBuildConfiguration;
			buildSettings = {
				ALWAYS_SEARCH_USER_PATHS = NO;
				CLANG_ANALYZER_NONNULL = YES;
				CLANG_ANALYZER_NUMBER_OBJECT_CONVERSION = YES_AGGRESSIVE;
				CLANG_CXX_LANGUAGE_STANDARD = "gnu++17";
				CLANG_ENABLE_MODULES = YES;
				CLANG_ENABLE_OBJC_ARC = YES;
				CLANG_ENABLE_OBJC_WEAK = YES;
				CLANG_WARN_BLOCK_CAPTURE_AUTORELEASING = YES;
				CLANG_WARN_BOOL_CONVERSION = YES;
				CLANG_WARN_COMMA = YES;
				CLANG_WARN_CONSTANT_CONVERSION = YES;
				CLANG_WARN_DEPRECATED_OBJC_IMPLEMENTATIONS = YES;
				CLANG_WARN_DIRECT_OBJC_ISA_USAGE = YES_ERROR;
				CLANG_WARN_DOCUMENTATION_COMMENTS = YES;
				CLANG_WARN_EMPTY_BODY = YES;
				CLANG_WARN_ENUM_CONVERSION = YES;
				CLANG_WARN_INFINITE_RECURSION = YES;
				CLANG_WARN_INT_CONVERSION = YES;
				CLANG_WARN_NON_LITERAL_NULL_CONVERSION = YES;
				CLANG_WARN_OBJC_IMPLICIT_RETAIN_SELF = YES;
				CLANG_WARN_OBJC_LITERAL_CONVERSION = YES;
				CLANG_WARN_OBJC_ROOT_CLASS = YES_ERROR;
				CLANG_WARN_QUOTED_INCLUDE_IN_FRAMEWORK_HEADER = YES;
				CLANG_WARN_RANGE_LOOP_ANALYSIS = YES;
				CLANG_WARN_STRICT_PROTOTYPES = YES;
				CLANG_WARN_SUSPICIOUS_MOVE = YES;
				CLANG_WARN_UNGUARDED_AVAILABILITY = YES_AGGRESSIVE;
				CLANG_WARN_UNREACHABLE_CODE = YES;
				CLANG_WARN__DUPLICATE_METHOD_MATCH = YES;
				COPY_PHASE_STRIP = NO;
				DEBUG_INFORMATION_FORMAT = dwarf;
				ENABLE_STRICT_OBJC_MSGSEND = YES;
				ENABLE_TESTABILITY = YES;
				GCC_C_LANGUAGE_STANDARD = gnu11;
				GCC_DYNAMIC_NO_PIC = NO;
				GCC_NO_COMMON_BLOCKS = YES;
				GCC_OPTIMIZATION_LEVEL = 0;
				GCC_PREPROCESSOR_DEFINITIONS = (
					"DEBUG=1",
					"$(inherited)",
				);
				GCC_WARN_64_TO_32_BIT_CONVERSION = YES;
				GCC_WARN_ABOUT_RETURN_TYPE = YES_ERROR;
				GCC_WARN_UNDECLARED_SELECTOR = YES;
				GCC_WARN_UNINITIALIZED_AUTOS = YES_AGGRESSIVE;
				GCC_WARN_UNUSED_FUNCTION = YES;
				GCC_WARN_UNUSED_VARIABLE = YES;
				IPHONEOS_DEPLOYMENT_TARGET = 15.4;
				MTL_ENABLE_DEBUG_INFO = INCLUDE_SOURCE;
				MTL_FAST_MATH = YES;
				ONLY_ACTIVE_ARCH = YES;
				SDKROOT = iphoneos;
				SWIFT_ACTIVE_COMPILATION_CONDITIONS = DEBUG;
				SWIFT_OPTIMIZATION_LEVEL = "-Onone";
			};
			name = Debug;
		};
		04FA0695283C714C00EFA51E /* Release */ = {
			isa = XCBuildConfiguration;
			buildSettings = {
				ALWAYS_SEARCH_USER_PATHS = NO;
				CLANG_ANALYZER_NONNULL = YES;
				CLANG_ANALYZER_NUMBER_OBJECT_CONVERSION = YES_AGGRESSIVE;
				CLANG_CXX_LANGUAGE_STANDARD = "gnu++17";
				CLANG_ENABLE_MODULES = YES;
				CLANG_ENABLE_OBJC_ARC = YES;
				CLANG_ENABLE_OBJC_WEAK = YES;
				CLANG_WARN_BLOCK_CAPTURE_AUTORELEASING = YES;
				CLANG_WARN_BOOL_CONVERSION = YES;
				CLANG_WARN_COMMA = YES;
				CLANG_WARN_CONSTANT_CONVERSION = YES;
				CLANG_WARN_DEPRECATED_OBJC_IMPLEMENTATIONS = YES;
				CLANG_WARN_DIRECT_OBJC_ISA_USAGE = YES_ERROR;
				CLANG_WARN_DOCUMENTATION_COMMENTS = YES;
				CLANG_WARN_EMPTY_BODY = YES;
				CLANG_WARN_ENUM_CONVERSION = YES;
				CLANG_WARN_INFINITE_RECURSION = YES;
				CLANG_WARN_INT_CONVERSION = YES;
				CLANG_WARN_NON_LITERAL_NULL_CONVERSION = YES;
				CLANG_WARN_OBJC_IMPLICIT_RETAIN_SELF = YES;
				CLANG_WARN_OBJC_LITERAL_CONVERSION = YES;
				CLANG_WARN_OBJC_ROOT_CLASS = YES_ERROR;
				CLANG_WARN_QUOTED_INCLUDE_IN_FRAMEWORK_HEADER = YES;
				CLANG_WARN_RANGE_LOOP_ANALYSIS = YES;
				CLANG_WARN_STRICT_PROTOTYPES = YES;
				CLANG_WARN_SUSPICIOUS_MOVE = YES;
				CLANG_WARN_UNGUARDED_AVAILABILITY = YES_AGGRESSIVE;
				CLANG_WARN_UNREACHABLE_CODE = YES;
				CLANG_WARN__DUPLICATE_METHOD_MATCH = YES;
				COPY_PHASE_STRIP = NO;
				DEBUG_INFORMATION_FORMAT = "dwarf-with-dsym";
				ENABLE_NS_ASSERTIONS = NO;
				ENABLE_STRICT_OBJC_MSGSEND = YES;
				GCC_C_LANGUAGE_STANDARD = gnu11;
				GCC_NO_COMMON_BLOCKS = YES;
				GCC_WARN_64_TO_32_BIT_CONVERSION = YES;
				GCC_WARN_ABOUT_RETURN_TYPE = YES_ERROR;
				GCC_WARN_UNDECLARED_SELECTOR = YES;
				GCC_WARN_UNINITIALIZED_AUTOS = YES_AGGRESSIVE;
				GCC_WARN_UNUSED_FUNCTION = YES;
				GCC_WARN_UNUSED_VARIABLE = YES;
				IPHONEOS_DEPLOYMENT_TARGET = 15.4;
				MTL_ENABLE_DEBUG_INFO = NO;
				MTL_FAST_MATH = YES;
				SDKROOT = iphoneos;
				SWIFT_COMPILATION_MODE = wholemodule;
				SWIFT_OPTIMIZATION_LEVEL = "-O";
				VALIDATE_PRODUCT = YES;
			};
			name = Release;
		};
		04FA0697283C714C00EFA51E /* Debug */ = {
			isa = XCBuildConfiguration;
			buildSettings = {
				ASSETCATALOG_COMPILER_APPICON_NAME = AppIcon;
				ASSETCATALOG_COMPILER_GLOBAL_ACCENT_COLOR_NAME = AccentColor;
				CODE_SIGN_STYLE = Automatic;
				CURRENT_PROJECT_VERSION = 1;
				DEVELOPMENT_ASSET_PATHS = "\"MojiMoku/Preview Content\"";
				ENABLE_PREVIEWS = YES;
				GENERATE_INFOPLIST_FILE = YES;
				INFOPLIST_KEY_UIApplicationSceneManifest_Generation = YES;
				INFOPLIST_KEY_UIApplicationSupportsIndirectInputEvents = YES;
				INFOPLIST_KEY_UILaunchScreen_Generation = YES;
				INFOPLIST_KEY_UISupportedInterfaceOrientations_iPad = "UIInterfaceOrientationPortrait UIInterfaceOrientationPortraitUpsideDown UIInterfaceOrientationLandscapeLeft UIInterfaceOrientationLandscapeRight";
				INFOPLIST_KEY_UISupportedInterfaceOrientations_iPhone = "UIInterfaceOrientationPortrait UIInterfaceOrientationLandscapeLeft UIInterfaceOrientationLandscapeRight";
				LD_RUNPATH_SEARCH_PATHS = (
					"$(inherited)",
					"@executable_path/Frameworks",
				);
				MARKETING_VERSION = 1.0;
				PRODUCT_BUNDLE_IDENTIFIER = Dhava.MojiMoku;
				PRODUCT_NAME = "$(TARGET_NAME)";
				SWIFT_EMIT_LOC_STRINGS = YES;
				SWIFT_VERSION = 5.0;
				TARGETED_DEVICE_FAMILY = "1,2";
			};
			name = Debug;
		};
		04FA0698283C714C00EFA51E /* Release */ = {
			isa = XCBuildConfiguration;
			buildSettings = {
				ASSETCATALOG_COMPILER_APPICON_NAME = AppIcon;
				ASSETCATALOG_COMPILER_GLOBAL_ACCENT_COLOR_NAME = AccentColor;
				CODE_SIGN_STYLE = Automatic;
				CURRENT_PROJECT_VERSION = 1;
				DEVELOPMENT_ASSET_PATHS = "\"MojiMoku/Preview Content\"";
				ENABLE_PREVIEWS = YES;
				GENERATE_INFOPLIST_FILE = YES;
				INFOPLIST_KEY_UIApplicationSceneManifest_Generation = YES;
				INFOPLIST_KEY_UIApplicationSupportsIndirectInputEvents = YES;
				INFOPLIST_KEY_UILaunchScreen_Generation = YES;
				INFOPLIST_KEY_UISupportedInterfaceOrientations_iPad = "UIInterfaceOrientationPortrait UIInterfaceOrientationPortraitUpsideDown UIInterfaceOrientationLandscapeLeft UIInterfaceOrientationLandscapeRight";
				INFOPLIST_KEY_UISupportedInterfaceOrientations_iPhone = "UIInterfaceOrientationPortrait UIInterfaceOrientationLandscapeLeft UIInterfaceOrientationLandscapeRight";
				LD_RUNPATH_SEARCH_PATHS = (
					"$(inherited)",
					"@executable_path/Frameworks",
				);
				MARKETING_VERSION = 1.0;
				PRODUCT_BUNDLE_IDENTIFIER = Dhava.MojiMoku;
				PRODUCT_NAME = "$(TARGET_NAME)";
				SWIFT_EMIT_LOC_STRINGS = YES;
				SWIFT_VERSION = 5.0;
				TARGETED_DEVICE_FAMILY = "1,2";
			};
			name = Release;
		};
		04FA069A283C714C00EFA51E /* Debug */ = {
			isa = XCBuildConfiguration;
			buildSettings = {
				ALWAYS_EMBED_SWIFT_STANDARD_LIBRARIES = YES;
				BUNDLE_LOADER = "$(TEST_HOST)";
				CODE_SIGN_STYLE = Automatic;
				CURRENT_PROJECT_VERSION = 1;
				GENERATE_INFOPLIST_FILE = YES;
				IPHONEOS_DEPLOYMENT_TARGET = 15.4;
				MARKETING_VERSION = 1.0;
				PRODUCT_BUNDLE_IDENTIFIER = Dhava.MojiMokuTests;
				PRODUCT_NAME = "$(TARGET_NAME)";
				SWIFT_EMIT_LOC_STRINGS = NO;
				SWIFT_VERSION = 5.0;
				TARGETED_DEVICE_FAMILY = "1,2";
				TEST_HOST = "$(BUILT_PRODUCTS_DIR)/MojiMoku.app/MojiMoku";
			};
			name = Debug;
		};
		04FA069B283C714C00EFA51E /* Release */ = {
			isa = XCBuildConfiguration;
			buildSettings = {
				ALWAYS_EMBED_SWIFT_STANDARD_LIBRARIES = YES;
				BUNDLE_LOADER = "$(TEST_HOST)";
				CODE_SIGN_STYLE = Automatic;
				CURRENT_PROJECT_VERSION = 1;
				GENERATE_INFOPLIST_FILE = YES;
				IPHONEOS_DEPLOYMENT_TARGET = 15.4;
				MARKETING_VERSION = 1.0;
				PRODUCT_BUNDLE_IDENTIFIER = Dhava.MojiMokuTests;
				PRODUCT_NAME = "$(TARGET_NAME)";
				SWIFT_EMIT_LOC_STRINGS = NO;
				SWIFT_VERSION = 5.0;
				TARGETED_DEVICE_FAMILY = "1,2";
				TEST_HOST = "$(BUILT_PRODUCTS_DIR)/MojiMoku.app/MojiMoku";
			};
			name = Release;
		};
		04FA069D283C714C00EFA51E /* Debug */ = {
			isa = XCBuildConfiguration;
			buildSettings = {
				ALWAYS_EMBED_SWIFT_STANDARD_LIBRARIES = YES;
				CODE_SIGN_STYLE = Automatic;
				CURRENT_PROJECT_VERSION = 1;
				GENERATE_INFOPLIST_FILE = YES;
				MARKETING_VERSION = 1.0;
				PRODUCT_BUNDLE_IDENTIFIER = Dhava.MojiMokuUITests;
				PRODUCT_NAME = "$(TARGET_NAME)";
				SWIFT_EMIT_LOC_STRINGS = NO;
				SWIFT_VERSION = 5.0;
				TARGETED_DEVICE_FAMILY = "1,2";
				TEST_TARGET_NAME = MojiMoku;
			};
			name = Debug;
		};
		04FA069E283C714C00EFA51E /* Release */ = {
			isa = XCBuildConfiguration;
			buildSettings = {
				ALWAYS_EMBED_SWIFT_STANDARD_LIBRARIES = YES;
				CODE_SIGN_STYLE = Automatic;
				CURRENT_PROJECT_VERSION = 1;
				GENERATE_INFOPLIST_FILE = YES;
				MARKETING_VERSION = 1.0;
				PRODUCT_BUNDLE_IDENTIFIER = Dhava.MojiMokuUITests;
				PRODUCT_NAME = "$(TARGET_NAME)";
				SWIFT_EMIT_LOC_STRINGS = NO;
				SWIFT_VERSION = 5.0;
				TARGETED_DEVICE_FAMILY = "1,2";
				TEST_TARGET_NAME = MojiMoku;
			};
			name = Release;
		};
/* End XCBuildConfiguration section */

/* Begin XCConfigurationList section */
		04FA066D283C714900EFA51E /* Build configuration list for PBXProject "MojiMoku" */ = {
			isa = XCConfigurationList;
			buildConfigurations = (
				04FA0694283C714C00EFA51E /* Debug */,
				04FA0695283C714C00EFA51E /* Release */,
			);
			defaultConfigurationIsVisible = 0;
			defaultConfigurationName = Release;
		};
		04FA0696283C714C00EFA51E /* Build configuration list for PBXNativeTarget "MojiMoku" */ = {
			isa = XCConfigurationList;
			buildConfigurations = (
				04FA0697283C714C00EFA51E /* Debug */,
				04FA0698283C714C00EFA51E /* Release */,
			);
			defaultConfigurationIsVisible = 0;
			defaultConfigurationName = Release;
		};
		04FA0699283C714C00EFA51E /* Build configuration list for PBXNativeTarget "MojiMokuTests" */ = {
			isa = XCConfigurationList;
			buildConfigurations = (
				04FA069A283C714C00EFA51E /* Debug */,
				04FA069B283C714C00EFA51E /* Release */,
			);
			defaultConfigurationIsVisible = 0;
			defaultConfigurationName = Release;
		};
		04FA069C283C714C00EFA51E /* Build configuration list for PBXNativeTarget "MojiMokuUITests" */ = {
			isa = XCConfigurationList;
			buildConfigurations = (
				04FA069D283C714C00EFA51E /* Debug */,
				04FA069E283C714C00EFA51E /* Release */,
			);
			defaultConfigurationIsVisible = 0;
			defaultConfigurationName = Release;
		};
/* End XCConfigurationList section */
	};
	rootObject = 04FA066A283C714900EFA51E /* Project object */;
}
